
Microsoft Visual Studio Solution File, Format Version 12.00
# Visual Studio 15
VisualStudioVersion = 15.0.27703.2042
MinimumVisualStudioVersion = 10.0.40219.1
Project("{FAE04EC0-301F-11D3-BF4B-00C04F79EFBC}") = "WebApplication1", "WebApplication1\WebApplication1.csproj", "{B543104B-2866-41EA-88AB-886C499AC67D}"
EndProject
Global
	GlobalSection(SolutionConfigurationPlatforms) = preSolution
		Debug|Any CPU = Debug|Any CPU
		Release|Any CPU = Release|Any CPU
	EndGlobalSection
	GlobalSection(ProjectConfigurationPlatforms) = postSolution
		{B543104B-2866-41EA-88AB-886C499AC67D}.Debug|Any CPU.ActiveCfg = Debug|Any CPU
		{B543104B-2866-41EA-88AB-886C499AC67D}.Debug|Any CPU.Build.0 = Debug|Any CPU
		{B543104B-2866-41EA-88AB-886C499AC67D}.Release|Any CPU.ActiveCfg = Release|Any CPU
		{B543104B-2866-41EA-88AB-886C499AC67D}.Release|Any CPU.Build.0 = Release|Any CPU
	EndGlobalSection
	GlobalSection(SolutionProperties) = preSolution
		HideSolutionNode = FALSE
	EndGlobalSection
	GlobalSection(ExtensibilityGlobals) = postSolution
		SolutionGuid = {0E79393E-3249-4709-A488-8F678D5FBE57}
	EndGlobalSection
EndGlobal
